// !$*UTF8*$!
{
	archiveVersion = 1;
	classes = {
	};
	objectVersion = 56;
	objects = {

/* Begin PBXBuildFile section */
		7BDC3B7C2BD34F9200B8958F /* AppDelegate.swift in Sources */ = {isa = PBXBuildFile; fileRef = 7BDC3B7B2BD34F9200B8958F /* AppDelegate.swift */; };
		7BDC3B7E2BD34F9200B8958F /* SceneDelegate.swift in Sources */ = {isa = PBXBuildFile; fileRef = 7BDC3B7D2BD34F9200B8958F /* SceneDelegate.swift */; };
		7BDC3B832BD34F9200B8958F /* Main.storyboard in Resources */ = {isa = PBXBuildFile; fileRef = 7BDC3B812BD34F9200B8958F /* Main.storyboard */; };
		7BDC3B852BD34F9500B8958F /* Assets.xcassets in Resources */ = {isa = PBXBuildFile; fileRef = 7BDC3B842BD34F9500B8958F /* Assets.xcassets */; };
		7BDC3B882BD34F9500B8958F /* LaunchScreen.storyboard in Resources */ = {isa = PBXBuildFile; fileRef = 7BDC3B862BD34F9500B8958F /* LaunchScreen.storyboard */; };
		7BDC3B912BD3502900B8958F /* Note.swift in Sources */ = {isa = PBXBuildFile; fileRef = 7BDC3B902BD3502900B8958F /* Note.swift */; };
		7BDC3B932BD3512B00B8958F /* NotesManager.swift in Sources */ = {isa = PBXBuildFile; fileRef = 7BDC3B922BD3512B00B8958F /* NotesManager.swift */; };
		7BDC3B972BD354DF00B8958F /* NotesViewController.swift in Sources */ = {isa = PBXBuildFile; fileRef = 7BDC3B962BD354DF00B8958F /* NotesViewController.swift */; };
		F81F28992BDB5C0400DA81D3 /* EditNoteViewController.swift in Sources */ = {isa = PBXBuildFile; fileRef = F81F28982BDB5C0400DA81D3 /* EditNoteViewController.swift */; };
		F87331872BD4132F00E48263 /* AddNoteViewController.swift in Sources */ = {isa = PBXBuildFile; fileRef = F87331862BD4132F00E48263 /* AddNoteViewController.swift */; };
		F873318A2BD4230C00E48263 /* NoteCell.swift in Sources */ = {isa = PBXBuildFile; fileRef = F87331892BD4230C00E48263 /* NoteCell.swift */; };
/* End PBXBuildFile section */

/* Begin PBXFileReference section */
		7BDC3B782BD34F9200B8958F /* Notas.app */ = {isa = PBXFileReference; explicitFileType = wrapper.application; includeInIndex = 0; path = Notas.app; sourceTree = BUILT_PRODUCTS_DIR; };
		7BDC3B7B2BD34F9200B8958F /* AppDelegate.swift */ = {isa = PBXFileReference; lastKnownFileType = sourcecode.swift; path = AppDelegate.swift; sourceTree = "<group>"; };
		7BDC3B7D2BD34F9200B8958F /* SceneDelegate.swift */ = {isa = PBXFileReference; lastKnownFileType = sourcecode.swift; path = SceneDelegate.swift; sourceTree = "<group>"; };
		7BDC3B822BD34F9200B8958F /* Base */ = {isa = PBXFileReference; lastKnownFileType = file.storyboard; name = Base; path = Base.lproj/Main.storyboard; sourceTree = "<group>"; };
		7BDC3B842BD34F9500B8958F /* Assets.xcassets */ = {isa = PBXFileReference; lastKnownFileType = folder.assetcatalog; path = Assets.xcassets; sourceTree = "<group>"; };
		7BDC3B872BD34F9500B8958F /* Base */ = {isa = PBXFileReference; lastKnownFileType = file.storyboard; name = Base; path = Base.lproj/LaunchScreen.storyboard; sourceTree = "<group>"; };
		7BDC3B892BD34F9500B8958F /* Info.plist */ = {isa = PBXFileReference; lastKnownFileType = text.plist.xml; path = Info.plist; sourceTree = "<group>"; };
		7BDC3B902BD3502900B8958F /* Note.swift */ = {isa = PBXFileReference; lastKnownFileType = sourcecode.swift; path = Note.swift; sourceTree = "<group>"; };
		7BDC3B922BD3512B00B8958F /* NotesManager.swift */ = {isa = PBXFileReference; lastKnownFileType = sourcecode.swift; path = NotesManager.swift; sourceTree = "<group>"; };
		7BDC3B962BD354DF00B8958F /* NotesViewController.swift */ = {isa = PBXFileReference; lastKnownFileType = sourcecode.swift; path = NotesViewController.swift; sourceTree = "<group>"; };
		F81F28982BDB5C0400DA81D3 /* EditNoteViewController.swift */ = {isa = PBXFileReference; lastKnownFileType = sourcecode.swift; path = EditNoteViewController.swift; sourceTree = "<group>"; };
		F87331862BD4132F00E48263 /* AddNoteViewController.swift */ = {isa = PBXFileReference; lastKnownFileType = sourcecode.swift; path = AddNoteViewController.swift; sourceTree = "<group>"; };
		F87331892BD4230C00E48263 /* NoteCell.swift */ = {isa = PBXFileReference; lastKnownFileType = sourcecode.swift; path = NoteCell.swift; sourceTree = "<group>"; };
/* End PBXFileReference section */

/* Begin PBXFrameworksBuildPhase section */
		7BDC3B752BD34F9200B8958F /* Frameworks */ = {
			isa = PBXFrameworksBuildPhase;
			buildActionMask = 2147483647;
			files = (
			);
			runOnlyForDeploymentPostprocessing = 0;
		};
/* End PBXFrameworksBuildPhase section */

/* Begin PBXGroup section */
		7BDC3B6F2BD34F9200B8958F = {
			isa = PBXGroup;
			children = (
				7BDC3B7A2BD34F9200B8958F /* Notas */,
				7BDC3B792BD34F9200B8958F /* Products */,
			);
			sourceTree = "<group>";
		};
		7BDC3B792BD34F9200B8958F /* Products */ = {
			isa = PBXGroup;
			children = (
				7BDC3B782BD34F9200B8958F /* Notas.app */,
			);
			name = Products;
			sourceTree = "<group>";
		};
		7BDC3B7A2BD34F9200B8958F /* Notas */ = {
			isa = PBXGroup;
			children = (
				F87331882BD422ED00E48263 /* View */,
				7BDC3B952BD3548000B8958F /* Controller */,
				7BDC3B8F2BD34FE600B8958F /* Model */,
				7BDC3B7B2BD34F9200B8958F /* AppDelegate.swift */,
				7BDC3B7D2BD34F9200B8958F /* SceneDelegate.swift */,
				7BDC3B812BD34F9200B8958F /* Main.storyboard */,
				7BDC3B842BD34F9500B8958F /* Assets.xcassets */,
				7BDC3B862BD34F9500B8958F /* LaunchScreen.storyboard */,
				7BDC3B892BD34F9500B8958F /* Info.plist */,
			);
			path = Notas;
			sourceTree = "<group>";
		};
		7BDC3B8F2BD34FE600B8958F /* Model */ = {
			isa = PBXGroup;
			children = (
				7BDC3B902BD3502900B8958F /* Note.swift */,
				7BDC3B922BD3512B00B8958F /* NotesManager.swift */,
			);
			path = Model;
			sourceTree = "<group>";
		};
		7BDC3B952BD3548000B8958F /* Controller */ = {
			isa = PBXGroup;
			children = (
				7BDC3B962BD354DF00B8958F /* NotesViewController.swift */,
				F87331862BD4132F00E48263 /* AddNoteViewController.swift */,
				F81F28982BDB5C0400DA81D3 /* EditNoteViewController.swift */,
			);
			path = Controller;
			sourceTree = "<group>";
		};
		F87331882BD422ED00E48263 /* View */ = {
			isa = PBXGroup;
			children = (
				F87331892BD4230C00E48263 /* NoteCell.swift */,
			);
			path = View;
			sourceTree = "<group>";
		};
/* End PBXGroup section */

/* Begin PBXNativeTarget section */
		7BDC3B772BD34F9200B8958F /* Notas */ = {
			isa = PBXNativeTarget;
			buildConfigurationList = 7BDC3B8C2BD34F9500B8958F /* Build configuration list for PBXNativeTarget "Notas" */;
			buildPhases = (
				7BDC3B742BD34F9200B8958F /* Sources */,
				7BDC3B752BD34F9200B8958F /* Frameworks */,
				7BDC3B762BD34F9200B8958F /* Resources */,
			);
			buildRules = (
			);
			dependencies = (
			);
			name = Notas;
			productName = Notas;
			productReference = 7BDC3B782BD34F9200B8958F /* Notas.app */;
			productType = "com.apple.product-type.application";
		};
/* End PBXNativeTarget section */

/* Begin PBXProject section */
		7BDC3B702BD34F9200B8958F /* Project object */ = {
			isa = PBXProject;
			attributes = {
				BuildIndependentTargetsInParallel = 1;
				LastSwiftUpdateCheck = 1420;
				LastUpgradeCheck = 1420;
				TargetAttributes = {
					7BDC3B772BD34F9200B8958F = {
						CreatedOnToolsVersion = 14.2;
					};
				};
			};
			buildConfigurationList = 7BDC3B732BD34F9200B8958F /* Build configuration list for PBXProject "Notas" */;
			compatibilityVersion = "Xcode 14.0";
			developmentRegion = en;
			hasScannedForEncodings = 0;
			knownRegions = (
				en,
				Base,
			);
			mainGroup = 7BDC3B6F2BD34F9200B8958F;
			productRefGroup = 7BDC3B792BD34F9200B8958F /* Products */;
			projectDirPath = "";
			projectRoot = "";
			targets = (
				7BDC3B772BD34F9200B8958F /* Notas */,
			);
		};
/* End PBXProject section */

/* Begin PBXResourcesBuildPhase section */
		7BDC3B762BD34F9200B8958F /* Resources */ = {
			isa = PBXResourcesBuildPhase;
			buildActionMask = 2147483647;
			files = (
				7BDC3B882BD34F9500B8958F /* LaunchScreen.storyboard in Resources */,
				7BDC3B852BD34F9500B8958F /* Assets.xcassets in Resources */,
				7BDC3B832BD34F9200B8958F /* Main.storyboard in Resources */,
			);
			runOnlyForDeploymentPostprocessing = 0;
		};
/* End PBXResourcesBuildPhase section */

/* Begin PBXSourcesBuildPhase section */
		7BDC3B742BD34F9200B8958F /* Sources */ = {
			isa = PBXSourcesBuildPhase;
			buildActionMask = 2147483647;
			files = (
				7BDC3B932BD3512B00B8958F /* NotesManager.swift in Sources */,
				7BDC3B972BD354DF00B8958F /* NotesViewController.swift in Sources */,
				F81F28992BDB5C0400DA81D3 /* EditNoteViewController.swift in Sources */,
				F87331872BD4132F00E48263 /* AddNoteViewController.swift in Sources */,
				7BDC3B912BD3502900B8958F /* Note.swift in Sources */,
				7BDC3B7C2BD34F9200B8958F /* AppDelegate.swift in Sources */,
				F873318A2BD4230C00E48263 /* NoteCell.swift in Sources */,
				7BDC3B7E2BD34F9200B8958F /* SceneDelegate.swift in Sources */,
			);
			runOnlyForDeploymentPostprocessing = 0;
		};
/* End PBXSourcesBuildPhase section */

/* Begin PBXVariantGroup section */
		7BDC3B812BD34F9200B8958F /* Main.storyboard */ = {
			isa = PBXVariantGroup;
			children = (
				7BDC3B822BD34F9200B8958F /* Base */,
			);
			name = Main.storyboard;
			sourceTree = "<group>";
		};
		7BDC3B862BD34F9500B8958F /* LaunchScreen.storyboard */ = {
			isa = PBXVariantGroup;
			children = (
				7BDC3B872BD34F9500B8958F /* Base */,
			);
			name = LaunchScreen.storyboard;
			sourceTree = "<group>";
		};
/* End PBXVariantGroup section */

/* Begin XCBuildConfiguration section */
		7BDC3B8A2BD34F9500B8958F /* Debug */ = {
			isa = XCBuildConfiguration;
			buildSettings = {
				ALWAYS_SEARCH_USER_PATHS = NO;
				CLANG_ANALYZER_NONNULL = YES;
				CLANG_ANALYZER_NUMBER_OBJECT_CONVERSION = YES_AGGRESSIVE;
				CLANG_CXX_LANGUAGE_STANDARD = "gnu++20";
				CLANG_ENABLE_MODULES = YES;
				CLANG_ENABLE_OBJC_ARC = YES;
				CLANG_ENABLE_OBJC_WEAK = YES;
				CLANG_WARN_BLOCK_CAPTURE_AUTORELEASING = YES;
				CLANG_WARN_BOOL_CONVERSION = YES;
				CLANG_WARN_COMMA = YES;
				CLANG_WARN_CONSTANT_CONVERSION = YES;
				CLANG_WARN_DEPRECATED_OBJC_IMPLEMENTATIONS = YES;
				CLANG_WARN_DIRECT_OBJC_ISA_USAGE = YES_ERROR;
				CLANG_WARN_DOCUMENTATION_COMMENTS = YES;
				CLANG_WARN_EMPTY_BODY = YES;
				CLANG_WARN_ENUM_CONVERSION = YES;
				CLANG_WARN_INFINITE_RECURSION = YES;
				CLANG_WARN_INT_CONVERSION = YES;
				CLANG_WARN_NON_LITERAL_NULL_CONVERSION = YES;
				CLANG_WARN_OBJC_IMPLICIT_RETAIN_SELF = YES;
				CLANG_WARN_OBJC_LITERAL_CONVERSION = YES;
				CLANG_WARN_OBJC_ROOT_CLASS = YES_ERROR;
				CLANG_WARN_QUOTED_INCLUDE_IN_FRAMEWORK_HEADER = YES;
				CLANG_WARN_RANGE_LOOP_ANALYSIS = YES;
				CLANG_WARN_STRICT_PROTOTYPES = YES;
				CLANG_WARN_SUSPICIOUS_MOVE = YES;
				CLANG_WARN_UNGUARDED_AVAILABILITY = YES_AGGRESSIVE;
				CLANG_WARN_UNREACHABLE_CODE = YES;
				CLANG_WARN__DUPLICATE_METHOD_MATCH = YES;
				COPY_PHASE_STRIP = NO;
				DEBUG_INFORMATION_FORMAT = dwarf;
				ENABLE_STRICT_OBJC_MSGSEND = YES;
				ENABLE_TESTABILITY = YES;
				GCC_C_LANGUAGE_STANDARD = gnu11;
				GCC_DYNAMIC_NO_PIC = NO;
				GCC_NO_COMMON_BLOCKS = YES;
				GCC_OPTIMIZATION_LEVEL = 0;
				GCC_PREPROCESSOR_DEFINITIONS = (
					"DEBUG=1",
					"$(inherited)",
				);
				GCC_WARN_64_TO_32_BIT_CONVERSION = YES;
				GCC_WARN_ABOUT_RETURN_TYPE = YES_ERROR;
				GCC_WARN_UNDECLARED_SELECTOR = YES;
				GCC_WARN_UNINITIALIZED_AUTOS = YES_AGGRESSIVE;
				GCC_WARN_UNUSED_FUNCTION = YES;
				GCC_WARN_UNUSED_VARIABLE = YES;
				IPHONEOS_DEPLOYMENT_TARGET = 16.2;
				MTL_ENABLE_DEBUG_INFO = INCLUDE_SOURCE;
				MTL_FAST_MATH = YES;
				ONLY_ACTIVE_ARCH = YES;
				SDKROOT = iphoneos;
				SWIFT_ACTIVE_COMPILATION_CONDITIONS = DEBUG;
				SWIFT_OPTIMIZATION_LEVEL = "-Onone";
			};
			name = Debug;
		};
		7BDC3B8B2BD34F9500B8958F /* Release */ = {
			isa = XCBuildConfiguration;
			buildSettings = {
				ALWAYS_SEARCH_USER_PATHS = NO;
				CLANG_ANALYZER_NONNULL = YES;
				CLANG_ANALYZER_NUMBER_OBJECT_CONVERSION = YES_AGGRESSIVE;
				CLANG_CXX_LANGUAGE_STANDARD = "gnu++20";
				CLANG_ENABLE_MODULES = YES;
				CLANG_ENABLE_OBJC_ARC = YES;
				CLANG_ENABLE_OBJC_WEAK = YES;
				CLANG_WARN_BLOCK_CAPTURE_AUTORELEASING = YES;
				CLANG_WARN_BOOL_CONVERSION = YES;
				CLANG_WARN_COMMA = YES;
				CLANG_WARN_CONSTANT_CONVERSION = YES;
				CLANG_WARN_DEPRECATED_OBJC_IMPLEMENTATIONS = YES;
				CLANG_WARN_DIRECT_OBJC_ISA_USAGE = YES_ERROR;
				CLANG_WARN_DOCUMENTATION_COMMENTS = YES;
				CLANG_WARN_EMPTY_BODY = YES;
				CLANG_WARN_ENUM_CONVERSION = YES;
				CLANG_WARN_INFINITE_RECURSION = YES;
				CLANG_WARN_INT_CONVERSION = YES;
				CLANG_WARN_NON_LITERAL_NULL_CONVERSION = YES;
				CLANG_WARN_OBJC_IMPLICIT_RETAIN_SELF = YES;
				CLANG_WARN_OBJC_LITERAL_CONVERSION = YES;
				CLANG_WARN_OBJC_ROOT_CLASS = YES_ERROR;
				CLANG_WARN_QUOTED_INCLUDE_IN_FRAMEWORK_HEADER = YES;
				CLANG_WARN_RANGE_LOOP_ANALYSIS = YES;
				CLANG_WARN_STRICT_PROTOTYPES = YES;
				CLANG_WARN_SUSPICIOUS_MOVE = YES;
				CLANG_WARN_UNGUARDED_AVAILABILITY = YES_AGGRESSIVE;
				CLANG_WARN_UNREACHABLE_CODE = YES;
				CLANG_WARN__DUPLICATE_METHOD_MATCH = YES;
				COPY_PHASE_STRIP = NO;
				DEBUG_INFORMATION_FORMAT = "dwarf-with-dsym";
				ENABLE_NS_ASSERTIONS = NO;
				ENABLE_STRICT_OBJC_MSGSEND = YES;
				GCC_C_LANGUAGE_STANDARD = gnu11;
				GCC_NO_COMMON_BLOCKS = YES;
				GCC_WARN_64_TO_32_BIT_CONVERSION = YES;
				GCC_WARN_ABOUT_RETURN_TYPE = YES_ERROR;
				GCC_WARN_UNDECLARED_SELECTOR = YES;
				GCC_WARN_UNINITIALIZED_AUTOS = YES_AGGRESSIVE;
				GCC_WARN_UNUSED_FUNCTION = YES;
				GCC_WARN_UNUSED_VARIABLE = YES;
				IPHONEOS_DEPLOYMENT_TARGET = 16.2;
				MTL_ENABLE_DEBUG_INFO = NO;
				MTL_FAST_MATH = YES;
				SDKROOT = iphoneos;
				SWIFT_COMPILATION_MODE = wholemodule;
				SWIFT_OPTIMIZATION_LEVEL = "-O";
				VALIDATE_PRODUCT = YES;
			};
			name = Release;
		};
		7BDC3B8D2BD34F9500B8958F /* Debug */ = {
			isa = XCBuildConfiguration;
			buildSettings = {
				ASSETCATALOG_COMPILER_APPICON_NAME = AppIcon;
				ASSETCATALOG_COMPILER_GLOBAL_ACCENT_COLOR_NAME = AccentColor;
				CODE_SIGN_STYLE = Automatic;
				CURRENT_PROJECT_VERSION = 1;
				DEVELOPMENT_TEAM = P2R43RKRE4;
				GENERATE_INFOPLIST_FILE = YES;
				INFOPLIST_FILE = Notas/Info.plist;
				INFOPLIST_KEY_UIApplicationSupportsIndirectInputEvents = YES;
				INFOPLIST_KEY_UILaunchStoryboardName = LaunchScreen;
				INFOPLIST_KEY_UIMainStoryboardFile = Main;
				INFOPLIST_KEY_UISupportedInterfaceOrientations_iPad = "UIInterfaceOrientationPortrait UIInterfaceOrientationPortraitUpsideDown UIInterfaceOrientationLandscapeLeft UIInterfaceOrientationLandscapeRight";
				INFOPLIST_KEY_UISupportedInterfaceOrientations_iPhone = "UIInterfaceOrientationPortrait UIInterfaceOrientationLandscapeLeft UIInterfaceOrientationLandscapeRight";
				LD_RUNPATH_SEARCH_PATHS = (
					"$(inherited)",
					"@executable_path/Frameworks",
				);
				MARKETING_VERSION = 1.0;
				PRODUCT_BUNDLE_IDENTIFIER = alvarez.juanpablo.Notas;
				PRODUCT_NAME = "$(TARGET_NAME)";
				SUPPORTED_PLATFORMS = "iphoneos iphonesimulator";
				SUPPORTS_MACCATALYST = NO;
				SUPPORTS_MAC_DESIGNED_FOR_IPHONE_IPAD = NO;
				SWIFT_EMIT_LOC_STRINGS = YES;
				SWIFT_VERSION = 5.0;
				TARGETED_DEVICE_FAMILY = 1;
			};
			name = Debug;
		};
		7BDC3B8E2BD34F9500B8958F /* Release */ = {
			isa = XCBuildConfiguration;
			buildSettings = {
				ASSETCATALOG_COMPILER_APPICON_NAME = AppIcon;
				ASSETCATALOG_COMPILER_GLOBAL_ACCENT_COLOR_NAME = AccentColor;
				CODE_SIGN_STYLE = Automatic;
				CURRENT_PROJECT_VERSION = 1;
				DEVELOPMENT_TEAM = P2R43RKRE4;
				GENERATE_INFOPLIST_FILE = YES;
				INFOPLIST_FILE = Notas/Info.plist;
				INFOPLIST_KEY_UIApplicationSupportsIndirectInputEvents = YES;
				INFOPLIST_KEY_UILaunchStoryboardName = LaunchScreen;
				INFOPLIST_KEY_UIMainStoryboardFile = Main;
				INFOPLIST_KEY_UISupportedInterfaceOrientations_iPad = "UIInterfaceOrientationPortrait UIInterfaceOrientationPortraitUpsideDown UIInterfaceOrientationLandscapeLeft UIInterfaceOrientationLandscapeRight";
				INFOPLIST_KEY_UISupportedInterfaceOrientations_iPhone = "UIInterfaceOrientationPortrait UIInterfaceOrientationLandscapeLeft UIInterfaceOrientationLandscapeRight";
				LD_RUNPATH_SEARCH_PATHS = (
					"$(inherited)",
					"@executable_path/Frameworks",
				);
				MARKETING_VERSION = 1.0;
				PRODUCT_BUNDLE_IDENTIFIER = alvarez.juanpablo.Notas;
				PRODUCT_NAME = "$(TARGET_NAME)";
				SUPPORTED_PLATFORMS = "iphoneos iphonesimulator";
				SUPPORTS_MACCATALYST = NO;
				SUPPORTS_MAC_DESIGNED_FOR_IPHONE_IPAD = NO;
				SWIFT_EMIT_LOC_STRINGS = YES;
				SWIFT_VERSION = 5.0;
				TARGETED_DEVICE_FAMILY = 1;
			};
			name = Release;
		};
/* End XCBuildConfiguration section */

/* Begin XCConfigurationList section */
		7BDC3B732BD34F9200B8958F /* Build configuration list for PBXProject "Notas" */ = {
			isa = XCConfigurationList;
			buildConfigurations = (
				7BDC3B8A2BD34F9500B8958F /* Debug */,
				7BDC3B8B2BD34F9500B8958F /* Release */,
			);
			defaultConfigurationIsVisible = 0;
			defaultConfigurationName = Release;
		};
		7BDC3B8C2BD34F9500B8958F /* Build configuration list for PBXNativeTarget "Notas" */ = {
			isa = XCConfigurationList;
			buildConfigurations = (
				7BDC3B8D2BD34F9500B8958F /* Debug */,
				7BDC3B8E2BD34F9500B8958F /* Release */,
			);
			defaultConfigurationIsVisible = 0;
			defaultConfigurationName = Release;
		};
/* End XCConfigurationList section */
	};
	rootObject = 7BDC3B702BD34F9200B8958F /* Project object */;
}
