// !$*UTF8*$!
{
	archiveVersion = 1;
	classes = {
	};
	objectVersion = 56;
	objects = {

/* Begin PBXBuildFile section */
		F885D6382BDC999100A3D31E /* AppDelegate.m in Sources */ = {isa = PBXBuildFile; fileRef = F885D6372BDC999100A3D31E /* AppDelegate.m */; };
		F885D63B2BDC999100A3D31E /* SceneDelegate.m in Sources */ = {isa = PBXBuildFile; fileRef = F885D63A2BDC999100A3D31E /* SceneDelegate.m */; };
		F885D63E2BDC999100A3D31E /* ViewController.m in Sources */ = {isa = PBXBuildFile; fileRef = F885D63D2BDC999100A3D31E /* ViewController.m */; };
		F885D6412BDC999100A3D31E /* Base in Resources */ = {isa = PBXBuildFile; fileRef = F885D6402BDC999100A3D31E /* Base */; };
		F885D6442BDC999100A3D31E /* CoreDataCRUD.xcdatamodeld in Sources */ = {isa = PBXBuildFile; fileRef = F885D6422BDC999100A3D31E /* CoreDataCRUD.xcdatamodeld */; };
		F885D6462BDC999300A3D31E /* Assets.xcassets in Resources */ = {isa = PBXBuildFile; fileRef = F885D6452BDC999300A3D31E /* Assets.xcassets */; };
		F885D6492BDC999300A3D31E /* Base in Resources */ = {isa = PBXBuildFile; fileRef = F885D6482BDC999300A3D31E /* Base */; };
		F885D64C2BDC999300A3D31E /* main.m in Sources */ = {isa = PBXBuildFile; fileRef = F885D64B2BDC999300A3D31E /* main.m */; };
		F885D6562BDC9E6A00A3D31E /* Song+CoreDataClass.m in Sources */ = {isa = PBXBuildFile; fileRef = F885D6542BDC9E6A00A3D31E /* Song+CoreDataClass.m */; };
		F885D6572BDC9E6A00A3D31E /* Song+CoreDataProperties.m in Sources */ = {isa = PBXBuildFile; fileRef = F885D6552BDC9E6A00A3D31E /* Song+CoreDataProperties.m */; };
/* End PBXBuildFile section */

/* Begin PBXFileReference section */
		F885D6332BDC999100A3D31E /* CoreDataCRUD.app */ = {isa = PBXFileReference; explicitFileType = wrapper.application; includeInIndex = 0; path = CoreDataCRUD.app; sourceTree = BUILT_PRODUCTS_DIR; };
		F885D6362BDC999100A3D31E /* AppDelegate.h */ = {isa = PBXFileReference; lastKnownFileType = sourcecode.c.h; path = AppDelegate.h; sourceTree = "<group>"; };
		F885D6372BDC999100A3D31E /* AppDelegate.m */ = {isa = PBXFileReference; lastKnownFileType = sourcecode.c.objc; path = AppDelegate.m; sourceTree = "<group>"; };
		F885D6392BDC999100A3D31E /* SceneDelegate.h */ = {isa = PBXFileReference; lastKnownFileType = sourcecode.c.h; path = SceneDelegate.h; sourceTree = "<group>"; };
		F885D63A2BDC999100A3D31E /* SceneDelegate.m */ = {isa = PBXFileReference; lastKnownFileType = sourcecode.c.objc; path = SceneDelegate.m; sourceTree = "<group>"; };
		F885D63C2BDC999100A3D31E /* ViewController.h */ = {isa = PBXFileReference; lastKnownFileType = sourcecode.c.h; path = ViewController.h; sourceTree = "<group>"; };
		F885D63D2BDC999100A3D31E /* ViewController.m */ = {isa = PBXFileReference; lastKnownFileType = sourcecode.c.objc; path = ViewController.m; sourceTree = "<group>"; };
		F885D6402BDC999100A3D31E /* Base */ = {isa = PBXFileReference; lastKnownFileType = file.storyboard; name = Base; path = Base.lproj/Main.storyboard; sourceTree = "<group>"; };
		F885D6432BDC999100A3D31E /* CoreDataCRUD.xcdatamodel */ = {isa = PBXFileReference; lastKnownFileType = wrapper.xcdatamodel; path = CoreDataCRUD.xcdatamodel; sourceTree = "<group>"; };
		F885D6452BDC999300A3D31E /* Assets.xcassets */ = {isa = PBXFileReference; lastKnownFileType = folder.assetcatalog; path = Assets.xcassets; sourceTree = "<group>"; };
		F885D6482BDC999300A3D31E /* Base */ = {isa = PBXFileReference; lastKnownFileType = file.storyboard; name = Base; path = Base.lproj/LaunchScreen.storyboard; sourceTree = "<group>"; };
		F885D64A2BDC999300A3D31E /* Info.plist */ = {isa = PBXFileReference; lastKnownFileType = text.plist.xml; path = Info.plist; sourceTree = "<group>"; };
		F885D64B2BDC999300A3D31E /* main.m */ = {isa = PBXFileReference; lastKnownFileType = sourcecode.c.objc; path = main.m; sourceTree = "<group>"; };
		F885D6522BDC9E6A00A3D31E /* Song+CoreDataProperties.h */ = {isa = PBXFileReference; lastKnownFileType = sourcecode.c.h; path = "Song+CoreDataProperties.h"; sourceTree = "<group>"; };
		F885D6532BDC9E6A00A3D31E /* Song+CoreDataClass.h */ = {isa = PBXFileReference; lastKnownFileType = sourcecode.c.h; path = "Song+CoreDataClass.h"; sourceTree = "<group>"; };
		F885D6542BDC9E6A00A3D31E /* Song+CoreDataClass.m */ = {isa = PBXFileReference; lastKnownFileType = sourcecode.c.objc; path = "Song+CoreDataClass.m"; sourceTree = "<group>"; };
		F885D6552BDC9E6A00A3D31E /* Song+CoreDataProperties.m */ = {isa = PBXFileReference; lastKnownFileType = sourcecode.c.objc; path = "Song+CoreDataProperties.m"; sourceTree = "<group>"; };
/* End PBXFileReference section */

/* Begin PBXFrameworksBuildPhase section */
		F885D6302BDC999100A3D31E /* Frameworks */ = {
			isa = PBXFrameworksBuildPhase;
			buildActionMask = 2147483647;
			files = (
			);
			runOnlyForDeploymentPostprocessing = 0;
		};
/* End PBXFrameworksBuildPhase section */

/* Begin PBXGroup section */
		F885D62A2BDC999100A3D31E = {
			isa = PBXGroup;
			children = (
				F885D6522BDC9E6A00A3D31E /* Song+CoreDataProperties.h */,
				F885D6532BDC9E6A00A3D31E /* Song+CoreDataClass.h */,
				F885D6542BDC9E6A00A3D31E /* Song+CoreDataClass.m */,
				F885D6552BDC9E6A00A3D31E /* Song+CoreDataProperties.m */,
				F885D6352BDC999100A3D31E /* CoreDataCRUD */,
				F885D6342BDC999100A3D31E /* Products */,
			);
			sourceTree = "<group>";
		};
		F885D6342BDC999100A3D31E /* Products */ = {
			isa = PBXGroup;
			children = (
				F885D6332BDC999100A3D31E /* CoreDataCRUD.app */,
			);
			name = Products;
			sourceTree = "<group>";
		};
		F885D6352BDC999100A3D31E /* CoreDataCRUD */ = {
			isa = PBXGroup;
			children = (
				F885D6362BDC999100A3D31E /* AppDelegate.h */,
				F885D6372BDC999100A3D31E /* AppDelegate.m */,
				F885D6392BDC999100A3D31E /* SceneDelegate.h */,
				F885D63A2BDC999100A3D31E /* SceneDelegate.m */,
				F885D63C2BDC999100A3D31E /* ViewController.h */,
				F885D63D2BDC999100A3D31E /* ViewController.m */,
				F885D63F2BDC999100A3D31E /* Main.storyboard */,
				F885D6452BDC999300A3D31E /* Assets.xcassets */,
				F885D6472BDC999300A3D31E /* LaunchScreen.storyboard */,
				F885D64A2BDC999300A3D31E /* Info.plist */,
				F885D64B2BDC999300A3D31E /* main.m */,
				F885D6422BDC999100A3D31E /* CoreDataCRUD.xcdatamodeld */,
			);
			path = CoreDataCRUD;
			sourceTree = "<group>";
		};
/* End PBXGroup section */

/* Begin PBXNativeTarget section */
		F885D6322BDC999100A3D31E /* CoreDataCRUD */ = {
			isa = PBXNativeTarget;
			buildConfigurationList = F885D64F2BDC999300A3D31E /* Build configuration list for PBXNativeTarget "CoreDataCRUD" */;
			buildPhases = (
				F885D62F2BDC999100A3D31E /* Sources */,
				F885D6302BDC999100A3D31E /* Frameworks */,
				F885D6312BDC999100A3D31E /* Resources */,
			);
			buildRules = (
			);
			dependencies = (
			);
			name = CoreDataCRUD;
			productName = CoreDataCRUD;
			productReference = F885D6332BDC999100A3D31E /* CoreDataCRUD.app */;
			productType = "com.apple.product-type.application";
		};
/* End PBXNativeTarget section */

/* Begin PBXProject section */
		F885D62B2BDC999100A3D31E /* Project object */ = {
			isa = PBXProject;
			attributes = {
				BuildIndependentTargetsInParallel = 1;
				LastUpgradeCheck = 1530;
				TargetAttributes = {
					F885D6322BDC999100A3D31E = {
						CreatedOnToolsVersion = 15.3;
					};
				};
			};
			buildConfigurationList = F885D62E2BDC999100A3D31E /* Build configuration list for PBXProject "CoreDataCRUD" */;
			compatibilityVersion = "Xcode 14.0";
			developmentRegion = en;
			hasScannedForEncodings = 0;
			knownRegions = (
				en,
				Base,
			);
			mainGroup = F885D62A2BDC999100A3D31E;
			productRefGroup = F885D6342BDC999100A3D31E /* Products */;
			projectDirPath = "";
			projectRoot = "";
			targets = (
				F885D6322BDC999100A3D31E /* CoreDataCRUD */,
			);
		};
/* End PBXProject section */

/* Begin PBXResourcesBuildPhase section */
		F885D6312BDC999100A3D31E /* Resources */ = {
			isa = PBXResourcesBuildPhase;
			buildActionMask = 2147483647;
			files = (
				F885D6462BDC999300A3D31E /* Assets.xcassets in Resources */,
				F885D6492BDC999300A3D31E /* Base in Resources */,
				F885D6412BDC999100A3D31E /* Base in Resources */,
			);
			runOnlyForDeploymentPostprocessing = 0;
		};
/* End PBXResourcesBuildPhase section */

/* Begin PBXSourcesBuildPhase section */
		F885D62F2BDC999100A3D31E /* Sources */ = {
			isa = PBXSourcesBuildPhase;
			buildActionMask = 2147483647;
			files = (
				F885D64C2BDC999300A3D31E /* main.m in Sources */,
				F885D63E2BDC999100A3D31E /* ViewController.m in Sources */,
				F885D6562BDC9E6A00A3D31E /* Song+CoreDataClass.m in Sources */,
				F885D6572BDC9E6A00A3D31E /* Song+CoreDataProperties.m in Sources */,
				F885D6382BDC999100A3D31E /* AppDelegate.m in Sources */,
				F885D6442BDC999100A3D31E /* CoreDataCRUD.xcdatamodeld in Sources */,
				F885D63B2BDC999100A3D31E /* SceneDelegate.m in Sources */,
			);
			runOnlyForDeploymentPostprocessing = 0;
		};
/* End PBXSourcesBuildPhase section */

/* Begin PBXVariantGroup section */
		F885D63F2BDC999100A3D31E /* Main.storyboard */ = {
			isa = PBXVariantGroup;
			children = (
				F885D6402BDC999100A3D31E /* Base */,
			);
			name = Main.storyboard;
			sourceTree = "<group>";
		};
		F885D6472BDC999300A3D31E /* LaunchScreen.storyboard */ = {
			isa = PBXVariantGroup;
			children = (
				F885D6482BDC999300A3D31E /* Base */,
			);
			name = LaunchScreen.storyboard;
			sourceTree = "<group>";
		};
/* End PBXVariantGroup section */

/* Begin XCBuildConfiguration section */
		F885D64D2BDC999300A3D31E /* Debug */ = {
			isa = XCBuildConfiguration;
			buildSettings = {
				ALWAYS_SEARCH_USER_PATHS = NO;
				ASSETCATALOG_COMPILER_GENERATE_SWIFT_ASSET_SYMBOL_EXTENSIONS = YES;
				CLANG_ANALYZER_NONNULL = YES;
				CLANG_ANALYZER_NUMBER_OBJECT_CONVERSION = YES_AGGRESSIVE;
				CLANG_CXX_LANGUAGE_STANDARD = "gnu++20";
				CLANG_ENABLE_MODULES = YES;
				CLANG_ENABLE_OBJC_ARC = YES;
				CLANG_ENABLE_OBJC_WEAK = YES;
				CLANG_WARN_BLOCK_CAPTURE_AUTORELEASING = YES;
				CLANG_WARN_BOOL_CONVERSION = YES;
				CLANG_WARN_COMMA = YES;
				CLANG_WARN_CONSTANT_CONVERSION = YES;
				CLANG_WARN_DEPRECATED_OBJC_IMPLEMENTATIONS = YES;
				CLANG_WARN_DIRECT_OBJC_ISA_USAGE = YES_ERROR;
				CLANG_WARN_DOCUMENTATION_COMMENTS = YES;
				CLANG_WARN_EMPTY_BODY = YES;
				CLANG_WARN_ENUM_CONVERSION = YES;
				CLANG_WARN_INFINITE_RECURSION = YES;
				CLANG_WARN_INT_CONVERSION = YES;
				CLANG_WARN_NON_LITERAL_NULL_CONVERSION = YES;
				CLANG_WARN_OBJC_IMPLICIT_RETAIN_SELF = YES;
				CLANG_WARN_OBJC_LITERAL_CONVERSION = YES;
				CLANG_WARN_OBJC_ROOT_CLASS = YES_ERROR;
				CLANG_WARN_QUOTED_INCLUDE_IN_FRAMEWORK_HEADER = YES;
				CLANG_WARN_RANGE_LOOP_ANALYSIS = YES;
				CLANG_WARN_STRICT_PROTOTYPES = YES;
				CLANG_WARN_SUSPICIOUS_MOVE = YES;
				CLANG_WARN_UNGUARDED_AVAILABILITY = YES_AGGRESSIVE;
				CLANG_WARN_UNREACHABLE_CODE = YES;
				CLANG_WARN__DUPLICATE_METHOD_MATCH = YES;
				COPY_PHASE_STRIP = NO;
				DEBUG_INFORMATION_FORMAT = dwarf;
				ENABLE_STRICT_OBJC_MSGSEND = YES;
				ENABLE_TESTABILITY = YES;
				ENABLE_USER_SCRIPT_SANDBOXING = YES;
				GCC_C_LANGUAGE_STANDARD = gnu17;
				GCC_DYNAMIC_NO_PIC = NO;
				GCC_NO_COMMON_BLOCKS = YES;
				GCC_OPTIMIZATION_LEVEL = 0;
				GCC_PREPROCESSOR_DEFINITIONS = (
					"DEBUG=1",
					"$(inherited)",
				);
				GCC_WARN_64_TO_32_BIT_CONVERSION = YES;
				GCC_WARN_ABOUT_RETURN_TYPE = YES_ERROR;
				GCC_WARN_UNDECLARED_SELECTOR = YES;
				GCC_WARN_UNINITIALIZED_AUTOS = YES_AGGRESSIVE;
				GCC_WARN_UNUSED_FUNCTION = YES;
				GCC_WARN_UNUSED_VARIABLE = YES;
				IPHONEOS_DEPLOYMENT_TARGET = 17.4;
				LOCALIZATION_PREFERS_STRING_CATALOGS = YES;
				MTL_ENABLE_DEBUG_INFO = INCLUDE_SOURCE;
				MTL_FAST_MATH = YES;
				ONLY_ACTIVE_ARCH = YES;
				SDKROOT = iphoneos;
			};
			name = Debug;
		};
		F885D64E2BDC999300A3D31E /* Release */ = {
			isa = XCBuildConfiguration;
			buildSettings = {
				ALWAYS_SEARCH_USER_PATHS = NO;
				ASSETCATALOG_COMPILER_GENERATE_SWIFT_ASSET_SYMBOL_EXTENSIONS = YES;
				CLANG_ANALYZER_NONNULL = YES;
				CLANG_ANALYZER_NUMBER_OBJECT_CONVERSION = YES_AGGRESSIVE;
				CLANG_CXX_LANGUAGE_STANDARD = "gnu++20";
				CLANG_ENABLE_MODULES = YES;
				CLANG_ENABLE_OBJC_ARC = YES;
				CLANG_ENABLE_OBJC_WEAK = YES;
				CLANG_WARN_BLOCK_CAPTURE_AUTORELEASING = YES;
				CLANG_WARN_BOOL_CONVERSION = YES;
				CLANG_WARN_COMMA = YES;
				CLANG_WARN_CONSTANT_CONVERSION = YES;
				CLANG_WARN_DEPRECATED_OBJC_IMPLEMENTATIONS = YES;
				CLANG_WARN_DIRECT_OBJC_ISA_USAGE = YES_ERROR;
				CLANG_WARN_DOCUMENTATION_COMMENTS = YES;
				CLANG_WARN_EMPTY_BODY = YES;
				CLANG_WARN_ENUM_CONVERSION = YES;
				CLANG_WARN_INFINITE_RECURSION = YES;
				CLANG_WARN_INT_CONVERSION = YES;
				CLANG_WARN_NON_LITERAL_NULL_CONVERSION = YES;
				CLANG_WARN_OBJC_IMPLICIT_RETAIN_SELF = YES;
				CLANG_WARN_OBJC_LITERAL_CONVERSION = YES;
				CLANG_WARN_OBJC_ROOT_CLASS = YES_ERROR;
				CLANG_WARN_QUOTED_INCLUDE_IN_FRAMEWORK_HEADER = YES;
				CLANG_WARN_RANGE_LOOP_ANALYSIS = YES;
				CLANG_WARN_STRICT_PROTOTYPES = YES;
				CLANG_WARN_SUSPICIOUS_MOVE = YES;
				CLANG_WARN_UNGUARDED_AVAILABILITY = YES_AGGRESSIVE;
				CLANG_WARN_UNREACHABLE_CODE = YES;
				CLANG_WARN__DUPLICATE_METHOD_MATCH = YES;
				COPY_PHASE_STRIP = NO;
				DEBUG_INFORMATION_FORMAT = "dwarf-with-dsym";
				ENABLE_NS_ASSERTIONS = NO;
				ENABLE_STRICT_OBJC_MSGSEND = YES;
				ENABLE_USER_SCRIPT_SANDBOXING = YES;
				GCC_C_LANGUAGE_STANDARD = gnu17;
				GCC_NO_COMMON_BLOCKS = YES;
				GCC_WARN_64_TO_32_BIT_CONVERSION = YES;
				GCC_WARN_ABOUT_RETURN_TYPE = YES_ERROR;
				GCC_WARN_UNDECLARED_SELECTOR = YES;
				GCC_WARN_UNINITIALIZED_AUTOS = YES_AGGRESSIVE;
				GCC_WARN_UNUSED_FUNCTION = YES;
				GCC_WARN_UNUSED_VARIABLE = YES;
				IPHONEOS_DEPLOYMENT_TARGET = 17.4;
				LOCALIZATION_PREFERS_STRING_CATALOGS = YES;
				MTL_ENABLE_DEBUG_INFO = NO;
				MTL_FAST_MATH = YES;
				SDKROOT = iphoneos;
				VALIDATE_PRODUCT = YES;
			};
			name = Release;
		};
		F885D6502BDC999300A3D31E /* Debug */ = {
			isa = XCBuildConfiguration;
			buildSettings = {
				ASSETCATALOG_COMPILER_APPICON_NAME = AppIcon;
				ASSETCATALOG_COMPILER_GLOBAL_ACCENT_COLOR_NAME = AccentColor;
				CODE_SIGN_STYLE = Automatic;
				CURRENT_PROJECT_VERSION = 1;
				DEVELOPMENT_TEAM = 3WZU825K9X;
				GENERATE_INFOPLIST_FILE = YES;
				INFOPLIST_FILE = CoreDataCRUD/Info.plist;
				INFOPLIST_KEY_UIApplicationSupportsIndirectInputEvents = YES;
				INFOPLIST_KEY_UILaunchStoryboardName = LaunchScreen;
				INFOPLIST_KEY_UIMainStoryboardFile = Main;
				INFOPLIST_KEY_UISupportedInterfaceOrientations_iPad = "UIInterfaceOrientationPortrait UIInterfaceOrientationPortraitUpsideDown UIInterfaceOrientationLandscapeLeft UIInterfaceOrientationLandscapeRight";
				INFOPLIST_KEY_UISupportedInterfaceOrientations_iPhone = "UIInterfaceOrientationPortrait UIInterfaceOrientationLandscapeLeft UIInterfaceOrientationLandscapeRight";
				LD_RUNPATH_SEARCH_PATHS = (
					"$(inherited)",
					"@executable_path/Frameworks",
				);
				MARKETING_VERSION = 1.0;
				PRODUCT_BUNDLE_IDENTIFIER = juan.alvarez.CoreDataCRUD;
				PRODUCT_NAME = "$(TARGET_NAME)";
				SWIFT_EMIT_LOC_STRINGS = YES;
				TARGETED_DEVICE_FAMILY = "1,2";
			};
			name = Debug;
		};
		F885D6512BDC999300A3D31E /* Release */ = {
			isa = XCBuildConfiguration;
			buildSettings = {
				ASSETCATALOG_COMPILER_APPICON_NAME = AppIcon;
				ASSETCATALOG_COMPILER_GLOBAL_ACCENT_COLOR_NAME = AccentColor;
				CODE_SIGN_STYLE = Automatic;
				CURRENT_PROJECT_VERSION = 1;
				DEVELOPMENT_TEAM = 3WZU825K9X;
				GENERATE_INFOPLIST_FILE = YES;
				INFOPLIST_FILE = CoreDataCRUD/Info.plist;
				INFOPLIST_KEY_UIApplicationSupportsIndirectInputEvents = YES;
				INFOPLIST_KEY_UILaunchStoryboardName = LaunchScreen;
				INFOPLIST_KEY_UIMainStoryboardFile = Main;
				INFOPLIST_KEY_UISupportedInterfaceOrientations_iPad = "UIInterfaceOrientationPortrait UIInterfaceOrientationPortraitUpsideDown UIInterfaceOrientationLandscapeLeft UIInterfaceOrientationLandscapeRight";
				INFOPLIST_KEY_UISupportedInterfaceOrientations_iPhone = "UIInterfaceOrientationPortrait UIInterfaceOrientationLandscapeLeft UIInterfaceOrientationLandscapeRight";
				LD_RUNPATH_SEARCH_PATHS = (
					"$(inherited)",
					"@executable_path/Frameworks",
				);
				MARKETING_VERSION = 1.0;
				PRODUCT_BUNDLE_IDENTIFIER = juan.alvarez.CoreDataCRUD;
				PRODUCT_NAME = "$(TARGET_NAME)";
				SWIFT_EMIT_LOC_STRINGS = YES;
				TARGETED_DEVICE_FAMILY = "1,2";
			};
			name = Release;
		};
/* End XCBuildConfiguration section */

/* Begin XCConfigurationList section */
		F885D62E2BDC999100A3D31E /* Build configuration list for PBXProject "CoreDataCRUD" */ = {
			isa = XCConfigurationList;
			buildConfigurations = (
				F885D64D2BDC999300A3D31E /* Debug */,
				F885D64E2BDC999300A3D31E /* Release */,
			);
			defaultConfigurationIsVisible = 0;
			defaultConfigurationName = Release;
		};
		F885D64F2BDC999300A3D31E /* Build configuration list for PBXNativeTarget "CoreDataCRUD" */ = {
			isa = XCConfigurationList;
			buildConfigurations = (
				F885D6502BDC999300A3D31E /* Debug */,
				F885D6512BDC999300A3D31E /* Release */,
			);
			defaultConfigurationIsVisible = 0;
			defaultConfigurationName = Release;
		};
/* End XCConfigurationList section */

/* Begin XCVersionGroup section */
		F885D6422BDC999100A3D31E /* CoreDataCRUD.xcdatamodeld */ = {
			isa = XCVersionGroup;
			children = (
				F885D6432BDC999100A3D31E /* CoreDataCRUD.xcdatamodel */,
			);
			currentVersion = F885D6432BDC999100A3D31E /* CoreDataCRUD.xcdatamodel */;
			path = CoreDataCRUD.xcdatamodeld;
			sourceTree = "<group>";
			versionGroupType = wrapper.xcdatamodel;
		};
/* End XCVersionGroup section */
	};
	rootObject = F885D62B2BDC999100A3D31E /* Project object */;
}
